
Microsoft Visual Studio Solution File, Format Version 12.00
# Visual Studio Version 16
VisualStudioVersion = 16.0.31624.102
MinimumVisualStudioVersion = 10.0.40219.1
Project("{FAE04EC0-301F-11D3-BF4B-00C04F79EFBC}") = "Comercio", "Comercio\Comercio.csproj", "{1F1B3E9F-6117-4683-B696-4973F40A7FF8}"
EndProject
Global
	GlobalSection(SolutionConfigurationPlatforms) = preSolution
		Debug|Any CPU = Debug|Any CPU
		Release|Any CPU = Release|Any CPU
	EndGlobalSection
	GlobalSection(ProjectConfigurationPlatforms) = postSolution
		{1F1B3E9F-6117-4683-B696-4973F40A7FF8}.Debug|Any CPU.ActiveCfg = Debug|Any CPU
		{1F1B3E9F-6117-4683-B696-4973F40A7FF8}.Debug|Any CPU.Build.0 = Debug|Any CPU
		{1F1B3E9F-6117-4683-B696-4973F40A7FF8}.Release|Any CPU.ActiveCfg = Release|Any CPU
		{1F1B3E9F-6117-4683-B696-4973F40A7FF8}.Release|Any CPU.Build.0 = Release|Any CPU
	EndGlobalSection
	GlobalSection(SolutionProperties) = preSolution
		HideSolutionNode = FALSE
	EndGlobalSection
	GlobalSection(ExtensibilityGlobals) = postSolution
		SolutionGuid = {D98FD958-473D-470C-9059-1261B716734B}
	EndGlobalSection
EndGlobal
